
Microsoft Visual Studio Solution File, Format Version 12.00
# Visual Studio 15
Project("{FAE04EC0-301F-11D3-BF4B-00C04F79EFBC}") = "Assembly-CSharp", "Assembly-CSharp.csproj", "{BD2FB4E4-F138-B289-F0EF-CAFB5993BD03}"
EndProject
Global
	GlobalSection(SolutionConfigurationPlatforms) = preSolution
		Debug|Any CPU = Debug|Any CPU
		Release|Any CPU = Release|Any CPU
	EndGlobalSection
	GlobalSection(ProjectConfigurationPlatforms) = postSolution
		{BD2FB4E4-F138-B289-F0EF-CAFB5993BD03}.Debug|Any CPU.ActiveCfg = Debug|Any CPU
		{BD2FB4E4-F138-B289-F0EF-CAFB5993BD03}.Debug|Any CPU.Build.0 = Debug|Any CPU
		{BD2FB4E4-F138-B289-F0EF-CAFB5993BD03}.Release|Any CPU.ActiveCfg = Release|Any CPU
		{BD2FB4E4-F138-B289-F0EF-CAFB5993BD03}.Release|Any CPU.Build.0 = Release|Any CPU
	EndGlobalSection
	GlobalSection(SolutionProperties) = preSolution
		HideSolutionNode = FALSE
	EndGlobalSection
EndGlobal
